
Microsoft Visual Studio Solution File, Format Version 12.00
Project("{2150E333-8FDC-42A3-9474-1A3956D46DE8}") = "src", "src", "{DD9214F0-B58A-4102-BBC7-8D2C3ED2827E}"
EndProject
Project("{2150E333-8FDC-42A3-9474-1A3956D46DE8}") = "test", "test", "{276AD970-BA5C-4A88-A69C-ABC55D77CA33}"
EndProject
Project("{2150E333-8FDC-42A3-9474-1A3956D46DE8}") = "Backend", "Backend", "{C4D19BEC-EE03-421B-A60B-35762975D98F}"
EndProject
Project("{2150E333-8FDC-42A3-9474-1A3956D46DE8}") = "Shared", "Shared", "{01727802-9372-4F53-ADFE-A129EAA0D095}"
EndProject
Project("{FAE04EC0-301F-11D3-BF4B-00C04F79EFBC}") = "LottApp.API", "src\Backend\LottApp.API\LottApp.API.csproj", "{6CE15923-A47A-460E-BE2E-C06ECBB89D48}"
EndProject
Project("{FAE04EC0-301F-11D3-BF4B-00C04F79EFBC}") = "LottApp.Aplication", "src\Backend\LottApp.Aplication\LottApp.Aplication.csproj", "{76D64FD6-0655-4C95-8847-96F64D2E9DEA}"
EndProject
Project("{FAE04EC0-301F-11D3-BF4B-00C04F79EFBC}") = "LottApp.Domain", "src\Backend\LottApp.Domain\LottApp.Domain.csproj", "{1DADE3DA-4E9F-4B84-BCF7-9C609C2AE8A7}"
EndProject
Project("{FAE04EC0-301F-11D3-BF4B-00C04F79EFBC}") = "LottApp.Infrastructure", "src\Backend\LottApp.Infrastructure\LottApp.Infrastructure.csproj", "{BABF3CBB-7891-45CC-8079-95DF9B6D1D57}"
EndProject
Project("{FAE04EC0-301F-11D3-BF4B-00C04F79EFBC}") = "LottApp.Communication", "src\Shared\LottApp.Communication\LottApp.Communication.csproj", "{536E9FA0-40EA-48D3-ADEF-03C083FFA9DA}"
EndProject
Project("{FAE04EC0-301F-11D3-BF4B-00C04F79EFBC}") = "LottApp.Exception", "src\Shared\LottApp.Exception\LottApp.Exception.csproj", "{F3A62B18-E170-4B51-A9D4-7E37AEC1DF39}"
EndProject
Global
	GlobalSection(SolutionConfigurationPlatforms) = preSolution
		Debug|Any CPU = Debug|Any CPU
		Release|Any CPU = Release|Any CPU
	EndGlobalSection
	GlobalSection(ProjectConfigurationPlatforms) = postSolution
		{6CE15923-A47A-460E-BE2E-C06ECBB89D48}.Debug|Any CPU.ActiveCfg = Debug|Any CPU
		{6CE15923-A47A-460E-BE2E-C06ECBB89D48}.Debug|Any CPU.Build.0 = Debug|Any CPU
		{6CE15923-A47A-460E-BE2E-C06ECBB89D48}.Release|Any CPU.ActiveCfg = Release|Any CPU
		{6CE15923-A47A-460E-BE2E-C06ECBB89D48}.Release|Any CPU.Build.0 = Release|Any CPU
		{76D64FD6-0655-4C95-8847-96F64D2E9DEA}.Debug|Any CPU.ActiveCfg = Debug|Any CPU
		{76D64FD6-0655-4C95-8847-96F64D2E9DEA}.Debug|Any CPU.Build.0 = Debug|Any CPU
		{76D64FD6-0655-4C95-8847-96F64D2E9DEA}.Release|Any CPU.ActiveCfg = Release|Any CPU
		{76D64FD6-0655-4C95-8847-96F64D2E9DEA}.Release|Any CPU.Build.0 = Release|Any CPU
		{1DADE3DA-4E9F-4B84-BCF7-9C609C2AE8A7}.Debug|Any CPU.ActiveCfg = Debug|Any CPU
		{1DADE3DA-4E9F-4B84-BCF7-9C609C2AE8A7}.Debug|Any CPU.Build.0 = Debug|Any CPU
		{1DADE3DA-4E9F-4B84-BCF7-9C609C2AE8A7}.Release|Any CPU.ActiveCfg = Release|Any CPU
		{1DADE3DA-4E9F-4B84-BCF7-9C609C2AE8A7}.Release|Any CPU.Build.0 = Release|Any CPU
		{BABF3CBB-7891-45CC-8079-95DF9B6D1D57}.Debug|Any CPU.ActiveCfg = Debug|Any CPU
		{BABF3CBB-7891-45CC-8079-95DF9B6D1D57}.Debug|Any CPU.Build.0 = Debug|Any CPU
		{BABF3CBB-7891-45CC-8079-95DF9B6D1D57}.Release|Any CPU.ActiveCfg = Release|Any CPU
		{BABF3CBB-7891-45CC-8079-95DF9B6D1D57}.Release|Any CPU.Build.0 = Release|Any CPU
		{536E9FA0-40EA-48D3-ADEF-03C083FFA9DA}.Debug|Any CPU.ActiveCfg = Debug|Any CPU
		{536E9FA0-40EA-48D3-ADEF-03C083FFA9DA}.Debug|Any CPU.Build.0 = Debug|Any CPU
		{536E9FA0-40EA-48D3-ADEF-03C083FFA9DA}.Release|Any CPU.ActiveCfg = Release|Any CPU
		{536E9FA0-40EA-48D3-ADEF-03C083FFA9DA}.Release|Any CPU.Build.0 = Release|Any CPU
		{F3A62B18-E170-4B51-A9D4-7E37AEC1DF39}.Debug|Any CPU.ActiveCfg = Debug|Any CPU
		{F3A62B18-E170-4B51-A9D4-7E37AEC1DF39}.Debug|Any CPU.Build.0 = Debug|Any CPU
		{F3A62B18-E170-4B51-A9D4-7E37AEC1DF39}.Release|Any CPU.ActiveCfg = Release|Any CPU
		{F3A62B18-E170-4B51-A9D4-7E37AEC1DF39}.Release|Any CPU.Build.0 = Release|Any CPU
	EndGlobalSection
	GlobalSection(NestedProjects) = preSolution
		{C4D19BEC-EE03-421B-A60B-35762975D98F} = {DD9214F0-B58A-4102-BBC7-8D2C3ED2827E}
		{01727802-9372-4F53-ADFE-A129EAA0D095} = {DD9214F0-B58A-4102-BBC7-8D2C3ED2827E}
		{6CE15923-A47A-460E-BE2E-C06ECBB89D48} = {C4D19BEC-EE03-421B-A60B-35762975D98F}
		{76D64FD6-0655-4C95-8847-96F64D2E9DEA} = {C4D19BEC-EE03-421B-A60B-35762975D98F}
		{1DADE3DA-4E9F-4B84-BCF7-9C609C2AE8A7} = {C4D19BEC-EE03-421B-A60B-35762975D98F}
		{BABF3CBB-7891-45CC-8079-95DF9B6D1D57} = {C4D19BEC-EE03-421B-A60B-35762975D98F}
		{536E9FA0-40EA-48D3-ADEF-03C083FFA9DA} = {01727802-9372-4F53-ADFE-A129EAA0D095}
		{F3A62B18-E170-4B51-A9D4-7E37AEC1DF39} = {01727802-9372-4F53-ADFE-A129EAA0D095}
	EndGlobalSection
EndGlobal
